// !$*UTF8*$!
{
	archiveVersion = 1;
	classes = {
	};
	objectVersion = 77;
	objects = {

/* Begin PBXBuildFile section */
		120351CD2F32F35300E6610B /* RNPKit in Frameworks */ = {isa = PBXBuildFile; productRef = 120351CC2F32F35300E6610B /* RNPKit */; };
		128C458B2F8E9C83004893D9 /* RNPKit in Frameworks */ = {isa = PBXBuildFile; productRef = 120351CC2F32F35300E6610B /* RNPKit */; };
		12FS00012F32F40000000001 /* FinderSyncExtension.appex in Embed Foundation Extensions */ = {isa = PBXBuildFile; fileRef = 12FS00002F32F40000000000 /* FinderSyncExtension.appex */; settings = {ATTRIBUTES = (RemoveHeadersOnCopy, ); }; };
		12FS000A2F32F40000000010 /* RNPKit in Frameworks */ = {isa = PBXBuildFile; productRef = 120351CC2F32F35300E6610B /* RNPKit */; };
		12QL00012F32F50000000001 /* QuickLookExtension.appex in Embed Foundation Extensions */ = {isa = PBXBuildFile; fileRef = 12QL00002F32F50000000000 /* QuickLookExtension.appex */; settings = {ATTRIBUTES = (RemoveHeadersOnCopy, ); }; };
		12QL000A2F32F50000000010 /* RNPKit in Frameworks */ = {isa = PBXBuildFile; productRef = 120351CD2F32F35300E6610C /* RNPKit */; };
		12SE00012F32F80000000001 /* ShareExtension.appex in Embed Foundation Extensions */ = {isa = PBXBuildFile; fileRef = 12SE00002F32F80000000000 /* ShareExtension.appex */; settings = {ATTRIBUTES = (RemoveHeadersOnCopy, ); }; };
		12SE000A2F32F80000000010 /* RNPKit in Frameworks */ = {isa = PBXBuildFile; productRef = 120351CC2F32F35300E6610B /* RNPKit */; };
		12TH00012F32F60000000001 /* ThumbnailExtension.appex in Embed Foundation Extensions */ = {isa = PBXBuildFile; fileRef = 12TH00002F32F60000000000 /* ThumbnailExtension.appex */; settings = {ATTRIBUTES = (RemoveHeadersOnCopy, ); }; };
/* End PBXBuildFile section */

/* Begin PBXContainerItemProxy section */
		12B269202F32F0C20015EBFF /* PBXContainerItemProxy */ = {
			isa = PBXContainerItemProxy;
			containerPortal = 12B269082F32F0C10015EBFF /* Project object */;
			proxyType = 1;
			remoteGlobalIDString = 12B2690F2F32F0C10015EBFF;
			remoteInfo = MacPGP;
		};
		12B2692A2F32F0C20015EBFF /* PBXContainerItemProxy */ = {
			isa = PBXContainerItemProxy;
			containerPortal = 12B269082F32F0C10015EBFF /* Project object */;
			proxyType = 1;
			remoteGlobalIDString = 12B2690F2F32F0C10015EBFF;
			remoteInfo = MacPGP;
		};
		12FS000C2F32F4000000000C /* PBXContainerItemProxy */ = {
			isa = PBXContainerItemProxy;
			containerPortal = 12B269082F32F0C10015EBFF /* Project object */;
			proxyType = 1;
			remoteGlobalIDString = 12FS00032F32F40000000003;
			remoteInfo = FinderSyncExtension;
		};
		12QL000D2F32F5000000000D /* PBXContainerItemProxy */ = {
			isa = PBXContainerItemProxy;
			containerPortal = 12B269082F32F0C10015EBFF /* Project object */;
			proxyType = 1;
			remoteGlobalIDString = 12QL00032F32F50000000003;
			remoteInfo = QuickLookExtension;
		};
		12SE000C2F32F8000000000C /* PBXContainerItemProxy */ = {
			isa = PBXContainerItemProxy;
			containerPortal = 12B269082F32F0C10015EBFF /* Project object */;
			proxyType = 1;
			remoteGlobalIDString = 12SE00032F32F80000000003;
			remoteInfo = ShareExtension;
		};
		12TH000D2F32F6000000000D /* PBXContainerItemProxy */ = {
			isa = PBXContainerItemProxy;
			containerPortal = 12B269082F32F0C10015EBFF /* Project object */;
			proxyType = 1;
			remoteGlobalIDString = 12TH00032F32F60000000003;
			remoteInfo = ThumbnailExtension;
		};
/* End PBXContainerItemProxy section */

/* Begin PBXCopyFilesBuildPhase section */
		12FS00062F32F40000000006 /* Embed Foundation Extensions */ = {
			isa = PBXCopyFilesBuildPhase;
			buildActionMask = 2147483647;
			dstPath = "";
			dstSubfolderSpec = 13;
			files = (
				12FS00012F32F40000000001 /* FinderSyncExtension.appex in Embed Foundation Extensions */,
				12QL00012F32F50000000001 /* QuickLookExtension.appex in Embed Foundation Extensions */,
				12TH00012F32F60000000001 /* ThumbnailExtension.appex in Embed Foundation Extensions */,
				12SE00012F32F80000000001 /* ShareExtension.appex in Embed Foundation Extensions */,
			);
			name = "Embed Foundation Extensions";
			runOnlyForDeploymentPostprocessing = 0;
		};
/* End PBXCopyFilesBuildPhase section */

/* Begin PBXFileReference section */
		12B269102F32F0C10015EBFF /* MacPGP.app */ = {isa = PBXFileReference; explicitFileType = wrapper.application; includeInIndex = 0; path = MacPGP.app; sourceTree = BUILT_PRODUCTS_DIR; };
		12B2691F2F32F0C20015EBFF /* MacPGPTests.xctest */ = {isa = PBXFileReference; explicitFileType = wrapper.cfbundle; includeInIndex = 0; path = MacPGPTests.xctest; sourceTree = BUILT_PRODUCTS_DIR; };
		12B269292F32F0C20015EBFF /* MacPGPUITests.xctest */ = {isa = PBXFileReference; explicitFileType = wrapper.cfbundle; includeInIndex = 0; path = MacPGPUITests.xctest; sourceTree = BUILT_PRODUCTS_DIR; };
		12FS00002F32F40000000000 /* FinderSyncExtension.appex */ = {isa = PBXFileReference; explicitFileType = "wrapper.app-extension"; includeInIndex = 0; path = FinderSyncExtension.appex; sourceTree = BUILT_PRODUCTS_DIR; };
		12QL00002F32F50000000000 /* QuickLookExtension.appex */ = {isa = PBXFileReference; explicitFileType = "wrapper.app-extension"; includeInIndex = 0; path = QuickLookExtension.appex; sourceTree = BUILT_PRODUCTS_DIR; };
		12SE00002F32F80000000000 /* ShareExtension.appex */ = {isa = PBXFileReference; explicitFileType = "wrapper.app-extension"; includeInIndex = 0; path = ShareExtension.appex; sourceTree = BUILT_PRODUCTS_DIR; };
		12TH00002F32F60000000000 /* ThumbnailExtension.appex */ = {isa = PBXFileReference; explicitFileType = "wrapper.app-extension"; includeInIndex = 0; path = ThumbnailExtension.appex; sourceTree = BUILT_PRODUCTS_DIR; };
/* End PBXFileReference section */

/* Begin PBXFileSystemSynchronizedBuildFileExceptionSet section */
		128C468E2F8E9D66004893D9 /* Exceptions for "MacPGP" folder in "MacPGP" target */ = {
			isa = PBXFileSystemSynchronizedBuildFileExceptionSet;
			membershipExceptions = (
				Info.plist,
			);
			target = 12B2690F2F32F0C10015EBFF /* MacPGP */;
		};
		128C468F2F8E9D66004893D9 /* Exceptions for "FinderSyncExtension" folder in "FinderSyncExtension" target */ = {
			isa = PBXFileSystemSynchronizedBuildFileExceptionSet;
			membershipExceptions = (
				Info.plist,
			);
			target = 12FS00032F32F40000000003 /* FinderSyncExtension */;
		};
		128C46902F8E9D66004893D9 /* Exceptions for "QuickLookExtension" folder in "QuickLookExtension" target */ = {
			isa = PBXFileSystemSynchronizedBuildFileExceptionSet;
			membershipExceptions = (
				Info.plist,
			);
			target = 12QL00032F32F50000000003 /* QuickLookExtension */;
		};
		128C46912F8E9D66004893D9 /* Exceptions for "ThumbnailExtension" folder in "ThumbnailExtension" target */ = {
			isa = PBXFileSystemSynchronizedBuildFileExceptionSet;
			membershipExceptions = (
				Info.plist,
			);
			target = 12TH00032F32F60000000003 /* ThumbnailExtension */;
		};
		128C46922F8E9D66004893D9 /* Exceptions for "ShareExtension" folder in "ShareExtension" target */ = {
			isa = PBXFileSystemSynchronizedBuildFileExceptionSet;
			membershipExceptions = (
				Info.plist,
			);
			target = 12SE00032F32F80000000003 /* ShareExtension */;
		};
/* End PBXFileSystemSynchronizedBuildFileExceptionSet section */

/* Begin PBXFileSystemSynchronizedRootGroup section */
		12B269122F32F0C10015EBFF /* MacPGP */ = {
			isa = PBXFileSystemSynchronizedRootGroup;
			exceptions = (
				128C468E2F8E9D66004893D9 /* Exceptions for "MacPGP" folder in "MacPGP" target */,
			);
			path = MacPGP;
			sourceTree = "<group>";
		};
		12B269222F32F0C20015EBFF /* MacPGPTests */ = {
			isa = PBXFileSystemSynchronizedRootGroup;
			path = MacPGPTests;
			sourceTree = "<group>";
		};
		12B2692C2F32F0C20015EBFF /* MacPGPUITests */ = {
			isa = PBXFileSystemSynchronizedRootGroup;
			path = MacPGPUITests;
			sourceTree = "<group>";
		};
		12FS00042F32F40000000004 /* FinderSyncExtension */ = {
			isa = PBXFileSystemSynchronizedRootGroup;
			exceptions = (
				128C468F2F8E9D66004893D9 /* Exceptions for "FinderSyncExtension" folder in "FinderSyncExtension" target */,
			);
			path = FinderSyncExtension;
			sourceTree = "<group>";
		};
		12QL00042F32F50000000004 /* QuickLookExtension */ = {
			isa = PBXFileSystemSynchronizedRootGroup;
			exceptions = (
				128C46902F8E9D66004893D9 /* Exceptions for "QuickLookExtension" folder in "QuickLookExtension" target */,
			);
			path = QuickLookExtension;
			sourceTree = "<group>";
		};
		12SE00042F32F80000000004 /* ShareExtension */ = {
			isa = PBXFileSystemSynchronizedRootGroup;
			exceptions = (
				128C46922F8E9D66004893D9 /* Exceptions for "ShareExtension" folder in "ShareExtension" target */,
			);
			path = ShareExtension;
			sourceTree = "<group>";
		};
		12SH00002F32F70000000000 /* Shared */ = {
			isa = PBXFileSystemSynchronizedRootGroup;
			path = Shared;
			sourceTree = "<group>";
		};
		12TH00042F32F60000000004 /* ThumbnailExtension */ = {
			isa = PBXFileSystemSynchronizedRootGroup;
			exceptions = (
				128C46912F8E9D66004893D9 /* Exceptions for "ThumbnailExtension" folder in "ThumbnailExtension" target */,
			);
			path = ThumbnailExtension;
			sourceTree = "<group>";
		};
/* End PBXFileSystemSynchronizedRootGroup section */

/* Begin PBXFrameworksBuildPhase section */
		12B2690D2F32F0C10015EBFF /* Frameworks */ = {
			isa = PBXFrameworksBuildPhase;
			buildActionMask = 2147483647;
			files = (
				120351CD2F32F35300E6610B /* RNPKit in Frameworks */,
			);
			runOnlyForDeploymentPostprocessing = 0;
		};
		12B2691C2F32F0C20015EBFF /* Frameworks */ = {
			isa = PBXFrameworksBuildPhase;
			buildActionMask = 2147483647;
			files = (
			);
			runOnlyForDeploymentPostprocessing = 0;
		};
		12B269262F32F0C20015EBFF /* Frameworks */ = {
			isa = PBXFrameworksBuildPhase;
			buildActionMask = 2147483647;
			files = (
			);
			runOnlyForDeploymentPostprocessing = 0;
		};
		12FS00052F32F40000000005 /* Frameworks */ = {
			isa = PBXFrameworksBuildPhase;
			buildActionMask = 2147483647;
			files = (
				12FS000A2F32F40000000010 /* RNPKit in Frameworks */,
			);
			runOnlyForDeploymentPostprocessing = 0;
		};
		12QL00052F32F50000000005 /* Frameworks */ = {
			isa = PBXFrameworksBuildPhase;
			buildActionMask = 2147483647;
			files = (
				12QL000A2F32F50000000010 /* RNPKit in Frameworks */,
			);
			runOnlyForDeploymentPostprocessing = 0;
		};
		12SE00052F32F80000000005 /* Frameworks */ = {
			isa = PBXFrameworksBuildPhase;
			buildActionMask = 2147483647;
			files = (
				12SE000A2F32F80000000010 /* RNPKit in Frameworks */,
			);
			runOnlyForDeploymentPostprocessing = 0;
		};
		12TH00052F32F60000000005 /* Frameworks */ = {
			isa = PBXFrameworksBuildPhase;
			buildActionMask = 2147483647;
			files = (
				128C458B2F8E9C83004893D9 /* RNPKit in Frameworks */,
			);
			runOnlyForDeploymentPostprocessing = 0;
		};
/* End PBXFrameworksBuildPhase section */

/* Begin PBXGroup section */
		12B269072F32F0C10015EBFF = {
			isa = PBXGroup;
			children = (
				12B269122F32F0C10015EBFF /* MacPGP */,
				12SH00002F32F70000000000 /* Shared */,
				12FS00042F32F40000000004 /* FinderSyncExtension */,
				12QL00042F32F50000000004 /* QuickLookExtension */,
				12TH00042F32F60000000004 /* ThumbnailExtension */,
				12SE00042F32F80000000004 /* ShareExtension */,
				12B269222F32F0C20015EBFF /* MacPGPTests */,
				12B2692C2F32F0C20015EBFF /* MacPGPUITests */,
				12B269112F32F0C10015EBFF /* Products */,
			);
			sourceTree = "<group>";
		};
		12B269112F32F0C10015EBFF /* Products */ = {
			isa = PBXGroup;
			children = (
				12B269102F32F0C10015EBFF /* MacPGP.app */,
				12B2691F2F32F0C20015EBFF /* MacPGPTests.xctest */,
				12B269292F32F0C20015EBFF /* MacPGPUITests.xctest */,
				12FS00002F32F40000000000 /* FinderSyncExtension.appex */,
				12QL00002F32F50000000000 /* QuickLookExtension.appex */,
				12TH00002F32F60000000000 /* ThumbnailExtension.appex */,
				12SE00002F32F80000000000 /* ShareExtension.appex */,
			);
			name = Products;
			sourceTree = "<group>";
		};
/* End PBXGroup section */

/* Begin PBXNativeTarget section */
		12B2690F2F32F0C10015EBFF /* MacPGP */ = {
			isa = PBXNativeTarget;
			buildConfigurationList = 12B269332F32F0C20015EBFF /* Build configuration list for PBXNativeTarget "MacPGP" */;
			buildPhases = (
				12B2690C2F32F0C10015EBFF /* Sources */,
				12B2690D2F32F0C10015EBFF /* Frameworks */,
				12B2690E2F32F0C10015EBFF /* Resources */,
				12FS00062F32F40000000006 /* Embed Foundation Extensions */,
			);
			buildRules = (
			);
			dependencies = (
				12FS00022F32F40000000002 /* PBXTargetDependency */,
				12QL00022F32F50000000002 /* PBXTargetDependency */,
				12TH00022F32F60000000002 /* PBXTargetDependency */,
				12SE00022F32F80000000002 /* PBXTargetDependency */,
			);
			fileSystemSynchronizedGroups = (
				12B269122F32F0C10015EBFF /* MacPGP */,
				12SH00002F32F70000000000 /* Shared */,
			);
			name = MacPGP;
			packageProductDependencies = (
				120351CC2F32F35300E6610B /* RNPKit */,
			);
			productName = MacPGP;
			productReference = 12B269102F32F0C10015EBFF /* MacPGP.app */;
			productType = "com.apple.product-type.application";
		};
		12B2691E2F32F0C20015EBFF /* MacPGPTests */ = {
			isa = PBXNativeTarget;
			buildConfigurationList = 12B269362F32F0C20015EBFF /* Build configuration list for PBXNativeTarget "MacPGPTests" */;
			buildPhases = (
				12B2691B2F32F0C20015EBFF /* Sources */,
				12B2691C2F32F0C20015EBFF /* Frameworks */,
				12B2691D2F32F0C20015EBFF /* Resources */,
			);
			buildRules = (
			);
			dependencies = (
				12B269212F32F0C20015EBFF /* PBXTargetDependency */,
			);
			fileSystemSynchronizedGroups = (
				12B269222F32F0C20015EBFF /* MacPGPTests */,
			);
			name = MacPGPTests;
			packageProductDependencies = (
			);
			productName = MacPGPTests;
			productReference = 12B2691F2F32F0C20015EBFF /* MacPGPTests.xctest */;
			productType = "com.apple.product-type.bundle.unit-test";
		};
		12B269282F32F0C20015EBFF /* MacPGPUITests */ = {
			isa = PBXNativeTarget;
			buildConfigurationList = 12B269392F32F0C20015EBFF /* Build configuration list for PBXNativeTarget "MacPGPUITests" */;
			buildPhases = (
				12B269252F32F0C20015EBFF /* Sources */,
				12B269262F32F0C20015EBFF /* Frameworks */,
				12B269272F32F0C20015EBFF /* Resources */,
			);
			buildRules = (
			);
			dependencies = (
				12B2692B2F32F0C20015EBFF /* PBXTargetDependency */,
			);
			fileSystemSynchronizedGroups = (
				12B2692C2F32F0C20015EBFF /* MacPGPUITests */,
			);
			name = MacPGPUITests;
			packageProductDependencies = (
			);
			productName = MacPGPUITests;
			productReference = 12B269292F32F0C20015EBFF /* MacPGPUITests.xctest */;
			productType = "com.apple.product-type.bundle.ui-testing";
		};
		12FS00032F32F40000000003 /* FinderSyncExtension */ = {
			isa = PBXNativeTarget;
			buildConfigurationList = 12FS00072F32F40000000007 /* Build configuration list for PBXNativeTarget "FinderSyncExtension" */;
			buildPhases = (
				12FS00082F32F40000000008 /* Sources */,
				12FS00052F32F40000000005 /* Frameworks */,
				12FS00092F32F40000000009 /* Resources */,
			);
			buildRules = (
			);
			dependencies = (
			);
			fileSystemSynchronizedGroups = (
				12FS00042F32F40000000004 /* FinderSyncExtension */,
				12SH00002F32F70000000000 /* Shared */,
			);
			name = FinderSyncExtension;
			packageProductDependencies = (
				120351CC2F32F35300E6610B /* RNPKit */,
			);
			productName = FinderSyncExtension;
			productReference = 12FS00002F32F40000000000 /* FinderSyncExtension.appex */;
			productType = "com.apple.product-type.app-extension";
		};
		12QL00032F32F50000000003 /* QuickLookExtension */ = {
			isa = PBXNativeTarget;
			buildConfigurationList = 12QL00072F32F50000000007 /* Build configuration list for PBXNativeTarget "QuickLookExtension" */;
			buildPhases = (
				12QL00082F32F50000000008 /* Sources */,
				12QL00052F32F50000000005 /* Frameworks */,
				12QL00092F32F50000000009 /* Resources */,
			);
			buildRules = (
			);
			dependencies = (
			);
			fileSystemSynchronizedGroups = (
				12QL00042F32F50000000004 /* QuickLookExtension */,
				12SH00002F32F70000000000 /* Shared */,
			);
			name = QuickLookExtension;
			packageProductDependencies = (
				120351CD2F32F35300E6610C /* RNPKit */,
			);
			productName = QuickLookExtension;
			productReference = 12QL00002F32F50000000000 /* QuickLookExtension.appex */;
			productType = "com.apple.product-type.app-extension";
		};
		12SE00032F32F80000000003 /* ShareExtension */ = {
			isa = PBXNativeTarget;
			buildConfigurationList = 12SE00072F32F80000000007 /* Build configuration list for PBXNativeTarget "ShareExtension" */;
			buildPhases = (
				12SE00082F32F80000000008 /* Sources */,
				12SE00052F32F80000000005 /* Frameworks */,
				12SE00092F32F80000000009 /* Resources */,
			);
			buildRules = (
			);
			dependencies = (
			);
			fileSystemSynchronizedGroups = (
				12SE00042F32F80000000004 /* ShareExtension */,
				12SH00002F32F70000000000 /* Shared */,
			);
			name = ShareExtension;
			packageProductDependencies = (
				120351CC2F32F35300E6610B /* RNPKit */,
			);
			productName = ShareExtension;
			productReference = 12SE00002F32F80000000000 /* ShareExtension.appex */;
			productType = "com.apple.product-type.app-extension";
		};
		12TH00032F32F60000000003 /* ThumbnailExtension */ = {
			isa = PBXNativeTarget;
			buildConfigurationList = 12TH00072F32F60000000007 /* Build configuration list for PBXNativeTarget "ThumbnailExtension" */;
			buildPhases = (
				12TH00082F32F60000000008 /* Sources */,
				12TH00052F32F60000000005 /* Frameworks */,
				12TH00092F32F60000000009 /* Resources */,
			);
			buildRules = (
			);
			dependencies = (
			);
			fileSystemSynchronizedGroups = (
				12SH00002F32F70000000000 /* Shared */,
				12TH00042F32F60000000004 /* ThumbnailExtension */,
			);
			name = ThumbnailExtension;
			packageProductDependencies = (
				120351CC2F32F35300E6610B /* RNPKit */,
			);
			productName = ThumbnailExtension;
			productReference = 12TH00002F32F60000000000 /* ThumbnailExtension.appex */;
			productType = "com.apple.product-type.app-extension";
		};
/* End PBXNativeTarget section */

/* Begin PBXProject section */
		12B269082F32F0C10015EBFF /* Project object */ = {
			isa = PBXProject;
			attributes = {
				BuildIndependentTargetsInParallel = 1;
				LastSwiftUpdateCheck = 2620;
				LastUpgradeCheck = 2640;
				TargetAttributes = {
					12B2690F2F32F0C10015EBFF = {
						CreatedOnToolsVersion = 26.2;
					};
					12B2691E2F32F0C20015EBFF = {
						CreatedOnToolsVersion = 26.2;
						TestTargetID = 12B2690F2F32F0C10015EBFF;
					};
					12B269282F32F0C20015EBFF = {
						CreatedOnToolsVersion = 26.2;
						TestTargetID = 12B2690F2F32F0C10015EBFF;
					};
					12FS00032F32F40000000003 = {
						CreatedOnToolsVersion = 26.2;
					};
					12QL00032F32F50000000003 = {
						CreatedOnToolsVersion = 26.2;
					};
					12SE00032F32F80000000003 = {
						CreatedOnToolsVersion = 26.2;
					};
					12TH00032F32F60000000003 = {
						CreatedOnToolsVersion = 26.2;
					};
				};
			};
			buildConfigurationList = 12B2690B2F32F0C10015EBFF /* Build configuration list for PBXProject "MacPGP" */;
			developmentRegion = en;
			hasScannedForEncodings = 0;
			knownRegions = (
				en,
				Base,
				de,
				"zh-Hans",
				es,
				fr,
				pt,
			);
			mainGroup = 12B269072F32F0C10015EBFF;
			minimizedProjectReferenceProxies = 1;
			packageReferences = (
				120351CB2F32F35300E6610B /* XCLocalSwiftPackageReference "RNPKit" */,
			);
			preferredProjectObjectVersion = 77;
			productRefGroup = 12B269112F32F0C10015EBFF /* Products */;
			projectDirPath = "";
			projectRoot = "";
			targets = (
				12B2690F2F32F0C10015EBFF /* MacPGP */,
				12FS00032F32F40000000003 /* FinderSyncExtension */,
				12QL00032F32F50000000003 /* QuickLookExtension */,
				12TH00032F32F60000000003 /* ThumbnailExtension */,
				12SE00032F32F80000000003 /* ShareExtension */,
				12B2691E2F32F0C20015EBFF /* MacPGPTests */,
				12B269282F32F0C20015EBFF /* MacPGPUITests */,
			);
		};
/* End PBXProject section */

/* Begin PBXResourcesBuildPhase section */
		12B2690E2F32F0C10015EBFF /* Resources */ = {
			isa = PBXResourcesBuildPhase;
			buildActionMask = 2147483647;
			files = (
			);
			runOnlyForDeploymentPostprocessing = 0;
		};
		12B2691D2F32F0C20015EBFF /* Resources */ = {
			isa = PBXResourcesBuildPhase;
			buildActionMask = 2147483647;
			files = (
			);
			runOnlyForDeploymentPostprocessing = 0;
		};
		12B269272F32F0C20015EBFF /* Resources */ = {
			isa = PBXResourcesBuildPhase;
			buildActionMask = 2147483647;
			files = (
			);
			runOnlyForDeploymentPostprocessing = 0;
		};
		12FS00092F32F40000000009 /* Resources */ = {
			isa = PBXResourcesBuildPhase;
			buildActionMask = 2147483647;
			files = (
			);
			runOnlyForDeploymentPostprocessing = 0;
		};
		12QL00092F32F50000000009 /* Resources */ = {
			isa = PBXResourcesBuildPhase;
			buildActionMask = 2147483647;
			files = (
			);
			runOnlyForDeploymentPostprocessing = 0;
		};
		12SE00092F32F80000000009 /* Resources */ = {
			isa = PBXResourcesBuildPhase;
			buildActionMask = 2147483647;
			files = (
			);
			runOnlyForDeploymentPostprocessing = 0;
		};
		12TH00092F32F60000000009 /* Resources */ = {
			isa = PBXResourcesBuildPhase;
			buildActionMask = 2147483647;
			files = (
			);
			runOnlyForDeploymentPostprocessing = 0;
		};
/* End PBXResourcesBuildPhase section */

/* Begin PBXSourcesBuildPhase section */
		12B2690C2F32F0C10015EBFF /* Sources */ = {
			isa = PBXSourcesBuildPhase;
			buildActionMask = 2147483647;
			files = (
			);
			runOnlyForDeploymentPostprocessing = 0;
		};
		12B2691B2F32F0C20015EBFF /* Sources */ = {
			isa = PBXSourcesBuildPhase;
			buildActionMask = 2147483647;
			files = (
			);
			runOnlyForDeploymentPostprocessing = 0;
		};
		12B269252F32F0C20015EBFF /* Sources */ = {
			isa = PBXSourcesBuildPhase;
			buildActionMask = 2147483647;
			files = (
			);
			runOnlyForDeploymentPostprocessing = 0;
		};
		12FS00082F32F40000000008 /* Sources */ = {
			isa = PBXSourcesBuildPhase;
			buildActionMask = 2147483647;
			files = (
			);
			runOnlyForDeploymentPostprocessing = 0;
		};
		12QL00082F32F50000000008 /* Sources */ = {
			isa = PBXSourcesBuildPhase;
			buildActionMask = 2147483647;
			files = (
			);
			runOnlyForDeploymentPostprocessing = 0;
		};
		12SE00082F32F80000000008 /* Sources */ = {
			isa = PBXSourcesBuildPhase;
			buildActionMask = 2147483647;
			files = (
			);
			runOnlyForDeploymentPostprocessing = 0;
		};
		12TH00082F32F60000000008 /* Sources */ = {
			isa = PBXSourcesBuildPhase;
			buildActionMask = 2147483647;
			files = (
			);
			runOnlyForDeploymentPostprocessing = 0;
		};
/* End PBXSourcesBuildPhase section */

/* Begin PBXTargetDependency section */
		12B269212F32F0C20015EBFF /* PBXTargetDependency */ = {
			isa = PBXTargetDependency;
			target = 12B2690F2F32F0C10015EBFF /* MacPGP */;
			targetProxy = 12B269202F32F0C20015EBFF /* PBXContainerItemProxy */;
		};
		12B2692B2F32F0C20015EBFF /* PBXTargetDependency */ = {
			isa = PBXTargetDependency;
			target = 12B2690F2F32F0C10015EBFF /* MacPGP */;
			targetProxy = 12B2692A2F32F0C20015EBFF /* PBXContainerItemProxy */;
		};
		12FS00022F32F40000000002 /* PBXTargetDependency */ = {
			isa = PBXTargetDependency;
			target = 12FS00032F32F40000000003 /* FinderSyncExtension */;
			targetProxy = 12FS000C2F32F4000000000C /* PBXContainerItemProxy */;
		};
		12QL00022F32F50000000002 /* PBXTargetDependency */ = {
			isa = PBXTargetDependency;
			target = 12QL00032F32F50000000003 /* QuickLookExtension */;
			targetProxy = 12QL000D2F32F5000000000D /* PBXContainerItemProxy */;
		};
		12SE00022F32F80000000002 /* PBXTargetDependency */ = {
			isa = PBXTargetDependency;
			target = 12SE00032F32F80000000003 /* ShareExtension */;
			targetProxy = 12SE000C2F32F8000000000C /* PBXContainerItemProxy */;
		};
		12TH00022F32F60000000002 /* PBXTargetDependency */ = {
			isa = PBXTargetDependency;
			target = 12TH00032F32F60000000003 /* ThumbnailExtension */;
			targetProxy = 12TH000D2F32F6000000000D /* PBXContainerItemProxy */;
		};
/* End PBXTargetDependency section */

/* Begin XCBuildConfiguration section */
		12B269312F32F0C20015EBFF /* Debug */ = {
			isa = XCBuildConfiguration;
			buildSettings = {
				ALWAYS_SEARCH_USER_PATHS = NO;
				ASSETCATALOG_COMPILER_GENERATE_SWIFT_ASSET_SYMBOL_EXTENSIONS = YES;
				CLANG_ANALYZER_LOCALIZABILITY_NONLOCALIZED = YES;
				CLANG_ANALYZER_NONNULL = YES;
				CLANG_ANALYZER_NUMBER_OBJECT_CONVERSION = YES_AGGRESSIVE;
				CLANG_CXX_LANGUAGE_STANDARD = "gnu++20";
				CLANG_ENABLE_MODULES = YES;
				CLANG_ENABLE_OBJC_ARC = YES;
				CLANG_ENABLE_OBJC_WEAK = YES;
				CLANG_WARN_BLOCK_CAPTURE_AUTORELEASING = YES;
				CLANG_WARN_BOOL_CONVERSION = YES;
				CLANG_WARN_COMMA = YES;
				CLANG_WARN_CONSTANT_CONVERSION = YES;
				CLANG_WARN_DEPRECATED_OBJC_IMPLEMENTATIONS = YES;
				CLANG_WARN_DIRECT_OBJC_ISA_USAGE = YES_ERROR;
				CLANG_WARN_DOCUMENTATION_COMMENTS = YES;
				CLANG_WARN_EMPTY_BODY = YES;
				CLANG_WARN_ENUM_CONVERSION = YES;
				CLANG_WARN_INFINITE_RECURSION = YES;
				CLANG_WARN_INT_CONVERSION = YES;
				CLANG_WARN_NON_LITERAL_NULL_CONVERSION = YES;
				CLANG_WARN_OBJC_IMPLICIT_RETAIN_SELF = YES;
				CLANG_WARN_OBJC_LITERAL_CONVERSION = YES;
				CLANG_WARN_OBJC_ROOT_CLASS = YES_ERROR;
				CLANG_WARN_QUOTED_INCLUDE_IN_FRAMEWORK_HEADER = YES;
				CLANG_WARN_RANGE_LOOP_ANALYSIS = YES;
				CLANG_WARN_STRICT_PROTOTYPES = YES;
				CLANG_WARN_SUSPICIOUS_MOVE = YES;
				CLANG_WARN_UNGUARDED_AVAILABILITY = YES_AGGRESSIVE;
				CLANG_WARN_UNREACHABLE_CODE = YES;
				CLANG_WARN__DUPLICATE_METHOD_MATCH = YES;
				COPY_PHASE_STRIP = NO;
				DEAD_CODE_STRIPPING = YES;
				DEBUG_INFORMATION_FORMAT = dwarf;
				DEVELOPMENT_TEAM = H4Q6WN7NV5;
				ENABLE_STRICT_OBJC_MSGSEND = YES;
				ENABLE_TESTABILITY = YES;
				ENABLE_USER_SCRIPT_SANDBOXING = YES;
				GCC_C_LANGUAGE_STANDARD = gnu17;
				GCC_DYNAMIC_NO_PIC = NO;
				GCC_NO_COMMON_BLOCKS = YES;
				GCC_OPTIMIZATION_LEVEL = 0;
				GCC_PREPROCESSOR_DEFINITIONS = (
					"DEBUG=1",
					"$(inherited)",
				);
				GCC_WARN_64_TO_32_BIT_CONVERSION = YES;
				GCC_WARN_ABOUT_RETURN_TYPE = YES_ERROR;
				GCC_WARN_UNDECLARED_SELECTOR = YES;
				GCC_WARN_UNINITIALIZED_AUTOS = YES_AGGRESSIVE;
				GCC_WARN_UNUSED_FUNCTION = YES;
				GCC_WARN_UNUSED_VARIABLE = YES;
				LOCALIZATION_PREFERS_STRING_CATALOGS = YES;
				MACOSX_DEPLOYMENT_TARGET = 15.0;
				MTL_ENABLE_DEBUG_INFO = INCLUDE_SOURCE;
				MTL_FAST_MATH = YES;
				ONLY_ACTIVE_ARCH = YES;
				SDKROOT = macosx;
				STRING_CATALOG_GENERATE_SYMBOLS = YES;
				SWIFT_ACTIVE_COMPILATION_CONDITIONS = "DEBUG $(inherited)";
				SWIFT_OPTIMIZATION_LEVEL = "-Onone";
			};
			name = Debug;
		};
		12B269322F32F0C20015EBFF /* Release */ = {
			isa = XCBuildConfiguration;
			buildSettings = {
				ALWAYS_SEARCH_USER_PATHS = NO;
				ASSETCATALOG_COMPILER_GENERATE_SWIFT_ASSET_SYMBOL_EXTENSIONS = YES;
				CLANG_ANALYZER_LOCALIZABILITY_NONLOCALIZED = YES;
				CLANG_ANALYZER_NONNULL = YES;
				CLANG_ANALYZER_NUMBER_OBJECT_CONVERSION = YES_AGGRESSIVE;
				CLANG_CXX_LANGUAGE_STANDARD = "gnu++20";
				CLANG_ENABLE_MODULES = YES;
				CLANG_ENABLE_OBJC_ARC = YES;
				CLANG_ENABLE_OBJC_WEAK = YES;
				CLANG_WARN_BLOCK_CAPTURE_AUTORELEASING = YES;
				CLANG_WARN_BOOL_CONVERSION = YES;
				CLANG_WARN_COMMA = YES;
				CLANG_WARN_CONSTANT_CONVERSION = YES;
				CLANG_WARN_DEPRECATED_OBJC_IMPLEMENTATIONS = YES;
				CLANG_WARN_DIRECT_OBJC_ISA_USAGE = YES_ERROR;
				CLANG_WARN_DOCUMENTATION_COMMENTS = YES;
				CLANG_WARN_EMPTY_BODY = YES;
				CLANG_WARN_ENUM_CONVERSION = YES;
				CLANG_WARN_INFINITE_RECURSION = YES;
				CLANG_WARN_INT_CONVERSION = YES;
				CLANG_WARN_NON_LITERAL_NULL_CONVERSION = YES;
				CLANG_WARN_OBJC_IMPLICIT_RETAIN_SELF = YES;
				CLANG_WARN_OBJC_LITERAL_CONVERSION = YES;
				CLANG_WARN_OBJC_ROOT_CLASS = YES_ERROR;
				CLANG_WARN_QUOTED_INCLUDE_IN_FRAMEWORK_HEADER = YES;
				CLANG_WARN_RANGE_LOOP_ANALYSIS = YES;
				CLANG_WARN_STRICT_PROTOTYPES = YES;
				CLANG_WARN_SUSPICIOUS_MOVE = YES;
				CLANG_WARN_UNGUARDED_AVAILABILITY = YES_AGGRESSIVE;
				CLANG_WARN_UNREACHABLE_CODE = YES;
				CLANG_WARN__DUPLICATE_METHOD_MATCH = YES;
				COPY_PHASE_STRIP = NO;
				DEAD_CODE_STRIPPING = YES;
				DEBUG_INFORMATION_FORMAT = "dwarf-with-dsym";
				DEVELOPMENT_TEAM = H4Q6WN7NV5;
				ENABLE_NS_ASSERTIONS = NO;
				ENABLE_STRICT_OBJC_MSGSEND = YES;
				ENABLE_USER_SCRIPT_SANDBOXING = YES;
				GCC_C_LANGUAGE_STANDARD = gnu17;
				GCC_NO_COMMON_BLOCKS = YES;
				GCC_WARN_64_TO_32_BIT_CONVERSION = YES;
				GCC_WARN_ABOUT_RETURN_TYPE = YES_ERROR;
				GCC_WARN_UNDECLARED_SELECTOR = YES;
				GCC_WARN_UNINITIALIZED_AUTOS = YES_AGGRESSIVE;
				GCC_WARN_UNUSED_FUNCTION = YES;
				GCC_WARN_UNUSED_VARIABLE = YES;
				LOCALIZATION_PREFERS_STRING_CATALOGS = YES;
				MACOSX_DEPLOYMENT_TARGET = 15.0;
				MTL_ENABLE_DEBUG_INFO = NO;
				MTL_FAST_MATH = YES;
				SDKROOT = macosx;
				STRING_CATALOG_GENERATE_SYMBOLS = YES;
				SWIFT_COMPILATION_MODE = wholemodule;
			};
			name = Release;
		};
		12B269342F32F0C20015EBFF /* Debug */ = {
			isa = XCBuildConfiguration;
			buildSettings = {
				ASSETCATALOG_COMPILER_APPICON_NAME = AppIcon;
				ASSETCATALOG_COMPILER_GLOBAL_ACCENT_COLOR_NAME = AccentColor;
				"CODE_SIGN_IDENTITY[sdk=macosx*]" = "Apple Development";
				CODE_SIGN_ENTITLEMENTS = "MacPGP/MacPGP.entitlements";
				CODE_SIGN_STYLE = Automatic;
				COMBINE_HIDPI_IMAGES = YES;
				CURRENT_PROJECT_VERSION = 1;
				DEAD_CODE_STRIPPING = YES;
				COPY_PHASE_STRIP = YES;
				SWIFT_OPTIMIZATION_LEVEL = "-O";
				SWIFT_COMPILATION_MODE = wholemodule;
				DEVELOPMENT_TEAM = H4Q6WN7NV5;
				ENABLE_APP_SANDBOX = YES;
				ENABLE_HARDENED_RUNTIME = YES;
				ENABLE_PREVIEWS = YES;
				ENABLE_USER_SELECTED_FILES = readwrite;
				GENERATE_INFOPLIST_FILE = NO;
				INFOPLIST_FILE = MacPGP/Info.plist;
				INFOPLIST_KEY_NSHumanReadableCopyright = "";
				LD_RUNPATH_SEARCH_PATHS = (
					"$(inherited)",
					"@executable_path/../Frameworks",
				);
				MARKETING_VERSION = 1.0;
				PRODUCT_BUNDLE_IDENTIFIER = thalesmms.MacPGP;
				PRODUCT_NAME = "$(TARGET_NAME)";
				REGISTER_APP_GROUPS = YES;
				STRING_CATALOG_GENERATE_SYMBOLS = YES;
				SWIFT_APPROACHABLE_CONCURRENCY = YES;
				SWIFT_DEFAULT_ACTOR_ISOLATION = MainActor;
				SWIFT_EMIT_LOC_STRINGS = YES;
				SWIFT_UPCOMING_FEATURE_MEMBER_IMPORT_VISIBILITY = YES;
				SWIFT_VERSION = 5.0;
			};
			name = Debug;
		};
		12B269352F32F0C20015EBFF /* Release */ = {
			isa = XCBuildConfiguration;
			buildSettings = {
				ASSETCATALOG_COMPILER_APPICON_NAME = AppIcon;
				ASSETCATALOG_COMPILER_GLOBAL_ACCENT_COLOR_NAME = AccentColor;
				"CODE_SIGN_IDENTITY[sdk=macosx*]" = "Apple Development";
				CODE_SIGN_ENTITLEMENTS = "MacPGP/MacPGP.entitlements";
				CODE_SIGN_STYLE = Automatic;
				COMBINE_HIDPI_IMAGES = YES;
				CURRENT_PROJECT_VERSION = 1;
				DEAD_CODE_STRIPPING = YES;
				DEVELOPMENT_TEAM = H4Q6WN7NV5;
				ENABLE_APP_SANDBOX = YES;
				ENABLE_HARDENED_RUNTIME = YES;
				ENABLE_PREVIEWS = YES;
				ENABLE_USER_SELECTED_FILES = readwrite;
				GENERATE_INFOPLIST_FILE = NO;
				INFOPLIST_FILE = MacPGP/Info.plist;
				INFOPLIST_KEY_NSHumanReadableCopyright = "";
				LD_RUNPATH_SEARCH_PATHS = (
					"$(inherited)",
					"@executable_path/../Frameworks",
				);
				MARKETING_VERSION = 1.0;
				PRODUCT_BUNDLE_IDENTIFIER = thalesmms.MacPGP;
				PRODUCT_NAME = "$(TARGET_NAME)";
				REGISTER_APP_GROUPS = YES;
				STRING_CATALOG_GENERATE_SYMBOLS = YES;
				SWIFT_APPROACHABLE_CONCURRENCY = YES;
				SWIFT_DEFAULT_ACTOR_ISOLATION = MainActor;
				SWIFT_EMIT_LOC_STRINGS = YES;
				SWIFT_UPCOMING_FEATURE_MEMBER_IMPORT_VISIBILITY = YES;
				SWIFT_VERSION = 5.0;
			};
			name = Release;
		};
		12B269372F32F0C20015EBFF /* Debug */ = {
			isa = XCBuildConfiguration;
			buildSettings = {
				BUNDLE_LOADER = "$(TEST_HOST)";
				CODE_SIGN_STYLE = Automatic;
				CURRENT_PROJECT_VERSION = 1;
				DEAD_CODE_STRIPPING = YES;
				COPY_PHASE_STRIP = YES;
				SWIFT_OPTIMIZATION_LEVEL = "-O";
				SWIFT_COMPILATION_MODE = wholemodule;
				DEVELOPMENT_TEAM = H4Q6WN7NV5;
				GENERATE_INFOPLIST_FILE = YES;
				MACOSX_DEPLOYMENT_TARGET = 15.0;
				MARKETING_VERSION = 1.0;
				PRODUCT_BUNDLE_IDENTIFIER = thalesmms.MacPGPTests;
				PRODUCT_NAME = "$(TARGET_NAME)";
				STRING_CATALOG_GENERATE_SYMBOLS = NO;
				SWIFT_APPROACHABLE_CONCURRENCY = YES;
				SWIFT_EMIT_LOC_STRINGS = NO;
				SWIFT_UPCOMING_FEATURE_MEMBER_IMPORT_VISIBILITY = YES;
				SWIFT_VERSION = 5.0;
				TEST_HOST = "$(BUILT_PRODUCTS_DIR)/MacPGP.app/$(BUNDLE_EXECUTABLE_FOLDER_PATH)/MacPGP";
			};
			name = Debug;
		};
		12B269382F32F0C20015EBFF /* Release */ = {
			isa = XCBuildConfiguration;
			buildSettings = {
				BUNDLE_LOADER = "$(TEST_HOST)";
				CODE_SIGN_STYLE = Automatic;
				CURRENT_PROJECT_VERSION = 1;
				DEAD_CODE_STRIPPING = YES;
				DEVELOPMENT_TEAM = H4Q6WN7NV5;
				GENERATE_INFOPLIST_FILE = YES;
				MACOSX_DEPLOYMENT_TARGET = 15.0;
				MARKETING_VERSION = 1.0;
				PRODUCT_BUNDLE_IDENTIFIER = thalesmms.MacPGPTests;
				PRODUCT_NAME = "$(TARGET_NAME)";
				STRING_CATALOG_GENERATE_SYMBOLS = NO;
				SWIFT_APPROACHABLE_CONCURRENCY = YES;
				SWIFT_EMIT_LOC_STRINGS = NO;
				SWIFT_UPCOMING_FEATURE_MEMBER_IMPORT_VISIBILITY = YES;
				SWIFT_VERSION = 5.0;
				TEST_HOST = "$(BUILT_PRODUCTS_DIR)/MacPGP.app/$(BUNDLE_EXECUTABLE_FOLDER_PATH)/MacPGP";
			};
			name = Release;
		};
		12B2693A2F32F0C20015EBFF /* Debug */ = {
			isa = XCBuildConfiguration;
			buildSettings = {
				CODE_SIGN_STYLE = Automatic;
				CURRENT_PROJECT_VERSION = 1;
				DEAD_CODE_STRIPPING = YES;
				COPY_PHASE_STRIP = YES;
				SWIFT_OPTIMIZATION_LEVEL = "-O";
				SWIFT_COMPILATION_MODE = wholemodule;
				DEVELOPMENT_TEAM = H4Q6WN7NV5;
				GENERATE_INFOPLIST_FILE = YES;
				MARKETING_VERSION = 1.0;
				PRODUCT_BUNDLE_IDENTIFIER = thalesmms.MacPGPUITests;
				PRODUCT_NAME = "$(TARGET_NAME)";
				STRING_CATALOG_GENERATE_SYMBOLS = NO;
				SWIFT_APPROACHABLE_CONCURRENCY = YES;
				SWIFT_EMIT_LOC_STRINGS = NO;
				SWIFT_UPCOMING_FEATURE_MEMBER_IMPORT_VISIBILITY = YES;
				SWIFT_VERSION = 5.0;
				TEST_TARGET_NAME = MacPGP;
			};
			name = Debug;
		};
		12B2693B2F32F0C20015EBFF /* Release */ = {
			isa = XCBuildConfiguration;
			buildSettings = {
				CODE_SIGN_STYLE = Automatic;
				CURRENT_PROJECT_VERSION = 1;
				DEAD_CODE_STRIPPING = YES;
				DEVELOPMENT_TEAM = H4Q6WN7NV5;
				GENERATE_INFOPLIST_FILE = YES;
				MARKETING_VERSION = 1.0;
				PRODUCT_BUNDLE_IDENTIFIER = thalesmms.MacPGPUITests;
				PRODUCT_NAME = "$(TARGET_NAME)";
				STRING_CATALOG_GENERATE_SYMBOLS = NO;
				SWIFT_APPROACHABLE_CONCURRENCY = YES;
				SWIFT_EMIT_LOC_STRINGS = NO;
				SWIFT_UPCOMING_FEATURE_MEMBER_IMPORT_VISIBILITY = YES;
				SWIFT_VERSION = 5.0;
				TEST_TARGET_NAME = MacPGP;
			};
			name = Release;
		};
		12FS000A2F32F4000000000A /* Debug */ = {
			isa = XCBuildConfiguration;
			buildSettings = {
				CODE_SIGN_ENTITLEMENTS = FinderSyncExtension/FinderSyncExtension.entitlements;
				CODE_SIGN_STYLE = Automatic;
				CURRENT_PROJECT_VERSION = 1;
				DEAD_CODE_STRIPPING = YES;
				COPY_PHASE_STRIP = YES;
				SWIFT_OPTIMIZATION_LEVEL = "-O";
				SWIFT_COMPILATION_MODE = wholemodule;
				DEVELOPMENT_TEAM = H4Q6WN7NV5;
				ENABLE_APP_SANDBOX = YES;
				ENABLE_HARDENED_RUNTIME = YES;
				GENERATE_INFOPLIST_FILE = NO;
				INFOPLIST_FILE = FinderSyncExtension/Info.plist;
				INFOPLIST_KEY_CFBundleDisplayName = FinderSyncExtension;
				INFOPLIST_KEY_NSHumanReadableCopyright = "";
				LD_RUNPATH_SEARCH_PATHS = (
					"$(inherited)",
					"@executable_path/../Frameworks",
					"@executable_path/../../../../Frameworks",
				);
				MARKETING_VERSION = 1.0;
				PRODUCT_BUNDLE_IDENTIFIER = thalesmms.MacPGP.FinderSyncExtension;
				PRODUCT_NAME = "$(TARGET_NAME)";
				REGISTER_APP_GROUPS = YES;
				SKIP_INSTALL = YES;
				STRING_CATALOG_GENERATE_SYMBOLS = YES;
				SWIFT_APPROACHABLE_CONCURRENCY = YES;
				SWIFT_DEFAULT_ACTOR_ISOLATION = MainActor;
				SWIFT_EMIT_LOC_STRINGS = YES;
				SWIFT_UPCOMING_FEATURE_MEMBER_IMPORT_VISIBILITY = YES;
				SWIFT_VERSION = 5.0;
			};
			name = Debug;
		};
		12FS000B2F32F4000000000B /* Release */ = {
			isa = XCBuildConfiguration;
			buildSettings = {
				CODE_SIGN_ENTITLEMENTS = FinderSyncExtension/FinderSyncExtension.entitlements;
				CODE_SIGN_STYLE = Automatic;
				CURRENT_PROJECT_VERSION = 1;
				DEAD_CODE_STRIPPING = YES;
				DEVELOPMENT_TEAM = H4Q6WN7NV5;
				ENABLE_APP_SANDBOX = YES;
				ENABLE_HARDENED_RUNTIME = YES;
				GENERATE_INFOPLIST_FILE = NO;
				INFOPLIST_FILE = FinderSyncExtension/Info.plist;
				INFOPLIST_KEY_CFBundleDisplayName = FinderSyncExtension;
				INFOPLIST_KEY_NSHumanReadableCopyright = "";
				LD_RUNPATH_SEARCH_PATHS = (
					"$(inherited)",
					"@executable_path/../Frameworks",
					"@executable_path/../../../../Frameworks",
				);
				MARKETING_VERSION = 1.0;
				PRODUCT_BUNDLE_IDENTIFIER = thalesmms.MacPGP.FinderSyncExtension;
				PRODUCT_NAME = "$(TARGET_NAME)";
				REGISTER_APP_GROUPS = YES;
				SKIP_INSTALL = YES;
				STRING_CATALOG_GENERATE_SYMBOLS = YES;
				SWIFT_APPROACHABLE_CONCURRENCY = YES;
				SWIFT_DEFAULT_ACTOR_ISOLATION = MainActor;
				SWIFT_EMIT_LOC_STRINGS = YES;
				SWIFT_UPCOMING_FEATURE_MEMBER_IMPORT_VISIBILITY = YES;
				SWIFT_VERSION = 5.0;
			};
			name = Release;
		};
		12QL000A2F32F5000000000A /* Debug */ = {
			isa = XCBuildConfiguration;
			buildSettings = {
				CODE_SIGN_ENTITLEMENTS = QuickLookExtension/QuickLookExtension.entitlements;
				CODE_SIGN_STYLE = Automatic;
				CURRENT_PROJECT_VERSION = 1;
				DEAD_CODE_STRIPPING = YES;
				COPY_PHASE_STRIP = YES;
				SWIFT_OPTIMIZATION_LEVEL = "-O";
				SWIFT_COMPILATION_MODE = wholemodule;
				DEVELOPMENT_TEAM = H4Q6WN7NV5;
				ENABLE_APP_SANDBOX = YES;
				ENABLE_HARDENED_RUNTIME = YES;
				GENERATE_INFOPLIST_FILE = NO;
				INFOPLIST_FILE = QuickLookExtension/Info.plist;
				INFOPLIST_KEY_CFBundleDisplayName = QuickLookExtension;
				INFOPLIST_KEY_NSHumanReadableCopyright = "";
				LD_RUNPATH_SEARCH_PATHS = (
					"$(inherited)",
					"@executable_path/../Frameworks",
					"@executable_path/../../../../Frameworks",
				);
				MARKETING_VERSION = 1.0;
				PRODUCT_BUNDLE_IDENTIFIER = thalesmms.MacPGP.QuickLookExtension;
				PRODUCT_NAME = "$(TARGET_NAME)";
				REGISTER_APP_GROUPS = YES;
				SKIP_INSTALL = YES;
				STRING_CATALOG_GENERATE_SYMBOLS = YES;
				SWIFT_APPROACHABLE_CONCURRENCY = YES;
				SWIFT_DEFAULT_ACTOR_ISOLATION = MainActor;
				SWIFT_EMIT_LOC_STRINGS = YES;
				SWIFT_UPCOMING_FEATURE_MEMBER_IMPORT_VISIBILITY = YES;
				SWIFT_VERSION = 5.0;
			};
			name = Debug;
		};
		12QL000B2F32F5000000000B /* Release */ = {
			isa = XCBuildConfiguration;
			buildSettings = {
				CODE_SIGN_ENTITLEMENTS = QuickLookExtension/QuickLookExtension.entitlements;
				CODE_SIGN_STYLE = Automatic;
				CURRENT_PROJECT_VERSION = 1;
				DEAD_CODE_STRIPPING = YES;
				DEVELOPMENT_TEAM = H4Q6WN7NV5;
				ENABLE_APP_SANDBOX = YES;
				ENABLE_HARDENED_RUNTIME = YES;
				GENERATE_INFOPLIST_FILE = NO;
				INFOPLIST_FILE = QuickLookExtension/Info.plist;
				INFOPLIST_KEY_CFBundleDisplayName = QuickLookExtension;
				INFOPLIST_KEY_NSHumanReadableCopyright = "";
				LD_RUNPATH_SEARCH_PATHS = (
					"$(inherited)",
					"@executable_path/../Frameworks",
					"@executable_path/../../../../Frameworks",
				);
				MARKETING_VERSION = 1.0;
				PRODUCT_BUNDLE_IDENTIFIER = thalesmms.MacPGP.QuickLookExtension;
				PRODUCT_NAME = "$(TARGET_NAME)";
				REGISTER_APP_GROUPS = YES;
				SKIP_INSTALL = YES;
				STRING_CATALOG_GENERATE_SYMBOLS = YES;
				SWIFT_APPROACHABLE_CONCURRENCY = YES;
				SWIFT_DEFAULT_ACTOR_ISOLATION = MainActor;
				SWIFT_EMIT_LOC_STRINGS = YES;
				SWIFT_UPCOMING_FEATURE_MEMBER_IMPORT_VISIBILITY = YES;
				SWIFT_VERSION = 5.0;
			};
			name = Release;
		};
		12SE000A2F32F8000000000A /* Debug */ = {
			isa = XCBuildConfiguration;
			buildSettings = {
				CODE_SIGN_ENTITLEMENTS = ShareExtension/ShareExtension.entitlements;
				CODE_SIGN_STYLE = Automatic;
				CURRENT_PROJECT_VERSION = 1;
				DEAD_CODE_STRIPPING = YES;
				COPY_PHASE_STRIP = YES;
				SWIFT_OPTIMIZATION_LEVEL = "-O";
				SWIFT_COMPILATION_MODE = wholemodule;
				DEVELOPMENT_TEAM = H4Q6WN7NV5;
				ENABLE_APP_SANDBOX = YES;
				ENABLE_HARDENED_RUNTIME = YES;
				GENERATE_INFOPLIST_FILE = NO;
				INFOPLIST_FILE = ShareExtension/Info.plist;
				INFOPLIST_KEY_CFBundleDisplayName = ShareExtension;
				INFOPLIST_KEY_NSHumanReadableCopyright = "";
				LD_RUNPATH_SEARCH_PATHS = (
					"$(inherited)",
					"@executable_path/../Frameworks",
					"@executable_path/../../../../Frameworks",
				);
				MARKETING_VERSION = 1.0;
				PRODUCT_BUNDLE_IDENTIFIER = thalesmms.MacPGP.ShareExtension;
				PRODUCT_NAME = "$(TARGET_NAME)";
				REGISTER_APP_GROUPS = YES;
				SKIP_INSTALL = YES;
				STRING_CATALOG_GENERATE_SYMBOLS = YES;
				SWIFT_APPROACHABLE_CONCURRENCY = YES;
				SWIFT_DEFAULT_ACTOR_ISOLATION = MainActor;
				SWIFT_EMIT_LOC_STRINGS = YES;
				SWIFT_UPCOMING_FEATURE_MEMBER_IMPORT_VISIBILITY = YES;
				SWIFT_VERSION = 5.0;
			};
			name = Debug;
		};
		12SE000B2F32F8000000000B /* Release */ = {
			isa = XCBuildConfiguration;
			buildSettings = {
				CODE_SIGN_ENTITLEMENTS = ShareExtension/ShareExtension.entitlements;
				CODE_SIGN_STYLE = Automatic;
				CURRENT_PROJECT_VERSION = 1;
				DEAD_CODE_STRIPPING = YES;
				DEVELOPMENT_TEAM = H4Q6WN7NV5;
				ENABLE_APP_SANDBOX = YES;
				ENABLE_HARDENED_RUNTIME = YES;
				GENERATE_INFOPLIST_FILE = NO;
				INFOPLIST_FILE = ShareExtension/Info.plist;
				INFOPLIST_KEY_CFBundleDisplayName = ShareExtension;
				INFOPLIST_KEY_NSHumanReadableCopyright = "";
				LD_RUNPATH_SEARCH_PATHS = (
					"$(inherited)",
					"@executable_path/../Frameworks",
					"@executable_path/../../../../Frameworks",
				);
				MARKETING_VERSION = 1.0;
				PRODUCT_BUNDLE_IDENTIFIER = thalesmms.MacPGP.ShareExtension;
				PRODUCT_NAME = "$(TARGET_NAME)";
				REGISTER_APP_GROUPS = YES;
				SKIP_INSTALL = YES;
				STRING_CATALOG_GENERATE_SYMBOLS = YES;
				SWIFT_APPROACHABLE_CONCURRENCY = YES;
				SWIFT_DEFAULT_ACTOR_ISOLATION = MainActor;
				SWIFT_EMIT_LOC_STRINGS = YES;
				SWIFT_UPCOMING_FEATURE_MEMBER_IMPORT_VISIBILITY = YES;
				SWIFT_VERSION = 5.0;
			};
			name = Release;
		};
		12TH000A2F32F6000000000A /* Debug */ = {
			isa = XCBuildConfiguration;
			buildSettings = {
				CODE_SIGN_ENTITLEMENTS = ThumbnailExtension/ThumbnailExtension.entitlements;
				CODE_SIGN_STYLE = Automatic;
				CURRENT_PROJECT_VERSION = 1;
				DEAD_CODE_STRIPPING = YES;
				COPY_PHASE_STRIP = YES;
				SWIFT_OPTIMIZATION_LEVEL = "-O";
				SWIFT_COMPILATION_MODE = wholemodule;
				DEVELOPMENT_TEAM = H4Q6WN7NV5;
				ENABLE_APP_SANDBOX = YES;
				ENABLE_HARDENED_RUNTIME = YES;
				GENERATE_INFOPLIST_FILE = NO;
				INFOPLIST_FILE = ThumbnailExtension/Info.plist;
				INFOPLIST_KEY_CFBundleDisplayName = ThumbnailExtension;
				INFOPLIST_KEY_NSHumanReadableCopyright = "";
				LD_RUNPATH_SEARCH_PATHS = (
					"$(inherited)",
					"@executable_path/../Frameworks",
					"@executable_path/../../../../Frameworks",
				);
				MARKETING_VERSION = 1.0;
				PRODUCT_BUNDLE_IDENTIFIER = thalesmms.MacPGP.ThumbnailExtension;
				PRODUCT_NAME = "$(TARGET_NAME)";
				REGISTER_APP_GROUPS = YES;
				SKIP_INSTALL = YES;
				STRING_CATALOG_GENERATE_SYMBOLS = YES;
				SWIFT_APPROACHABLE_CONCURRENCY = YES;
				SWIFT_DEFAULT_ACTOR_ISOLATION = MainActor;
				SWIFT_EMIT_LOC_STRINGS = YES;
				SWIFT_UPCOMING_FEATURE_MEMBER_IMPORT_VISIBILITY = YES;
				SWIFT_VERSION = 5.0;
			};
			name = Debug;
		};
		12TH000B2F32F6000000000B /* Release */ = {
			isa = XCBuildConfiguration;
			buildSettings = {
				CODE_SIGN_ENTITLEMENTS = ThumbnailExtension/ThumbnailExtension.entitlements;
				CODE_SIGN_STYLE = Automatic;
				CURRENT_PROJECT_VERSION = 1;
				DEAD_CODE_STRIPPING = YES;
				DEVELOPMENT_TEAM = H4Q6WN7NV5;
				ENABLE_APP_SANDBOX = YES;
				ENABLE_HARDENED_RUNTIME = YES;
				GENERATE_INFOPLIST_FILE = NO;
				INFOPLIST_FILE = ThumbnailExtension/Info.plist;
				INFOPLIST_KEY_CFBundleDisplayName = ThumbnailExtension;
				INFOPLIST_KEY_NSHumanReadableCopyright = "";
				LD_RUNPATH_SEARCH_PATHS = (
					"$(inherited)",
					"@executable_path/../Frameworks",
					"@executable_path/../../../../Frameworks",
				);
				MARKETING_VERSION = 1.0;
				PRODUCT_BUNDLE_IDENTIFIER = thalesmms.MacPGP.ThumbnailExtension;
				PRODUCT_NAME = "$(TARGET_NAME)";
				REGISTER_APP_GROUPS = YES;
				SKIP_INSTALL = YES;
				STRING_CATALOG_GENERATE_SYMBOLS = YES;
				SWIFT_APPROACHABLE_CONCURRENCY = YES;
				SWIFT_DEFAULT_ACTOR_ISOLATION = MainActor;
				SWIFT_EMIT_LOC_STRINGS = YES;
				SWIFT_UPCOMING_FEATURE_MEMBER_IMPORT_VISIBILITY = YES;
				SWIFT_VERSION = 5.0;
			};
			name = Release;
		};
/* End XCBuildConfiguration section */

/* Begin XCConfigurationList section */
		12B2690B2F32F0C10015EBFF /* Build configuration list for PBXProject "MacPGP" */ = {
			isa = XCConfigurationList;
			buildConfigurations = (
				12B269312F32F0C20015EBFF /* Debug */,
				12B269322F32F0C20015EBFF /* Release */,
			);
			defaultConfigurationIsVisible = 0;
			defaultConfigurationName = Release;
		};
		12B269332F32F0C20015EBFF /* Build configuration list for PBXNativeTarget "MacPGP" */ = {
			isa = XCConfigurationList;
			buildConfigurations = (
				12B269342F32F0C20015EBFF /* Debug */,
				12B269352F32F0C20015EBFF /* Release */,
			);
			defaultConfigurationIsVisible = 0;
			defaultConfigurationName = Release;
		};
		12B269362F32F0C20015EBFF /* Build configuration list for PBXNativeTarget "MacPGPTests" */ = {
			isa = XCConfigurationList;
			buildConfigurations = (
				12B269372F32F0C20015EBFF /* Debug */,
				12B269382F32F0C20015EBFF /* Release */,
			);
			defaultConfigurationIsVisible = 0;
			defaultConfigurationName = Release;
		};
		12B269392F32F0C20015EBFF /* Build configuration list for PBXNativeTarget "MacPGPUITests" */ = {
			isa = XCConfigurationList;
			buildConfigurations = (
				12B2693A2F32F0C20015EBFF /* Debug */,
				12B2693B2F32F0C20015EBFF /* Release */,
			);
			defaultConfigurationIsVisible = 0;
			defaultConfigurationName = Release;
		};
		12FS00072F32F40000000007 /* Build configuration list for PBXNativeTarget "FinderSyncExtension" */ = {
			isa = XCConfigurationList;
			buildConfigurations = (
				12FS000A2F32F4000000000A /* Debug */,
				12FS000B2F32F4000000000B /* Release */,
			);
			defaultConfigurationIsVisible = 0;
			defaultConfigurationName = Release;
		};
		12QL00072F32F50000000007 /* Build configuration list for PBXNativeTarget "QuickLookExtension" */ = {
			isa = XCConfigurationList;
			buildConfigurations = (
				12QL000A2F32F5000000000A /* Debug */,
				12QL000B2F32F5000000000B /* Release */,
			);
			defaultConfigurationIsVisible = 0;
			defaultConfigurationName = Release;
		};
		12SE00072F32F80000000007 /* Build configuration list for PBXNativeTarget "ShareExtension" */ = {
			isa = XCConfigurationList;
			buildConfigurations = (
				12SE000A2F32F8000000000A /* Debug */,
				12SE000B2F32F8000000000B /* Release */,
			);
			defaultConfigurationIsVisible = 0;
			defaultConfigurationName = Release;
		};
		12TH00072F32F60000000007 /* Build configuration list for PBXNativeTarget "ThumbnailExtension" */ = {
			isa = XCConfigurationList;
			buildConfigurations = (
				12TH000A2F32F6000000000A /* Debug */,
				12TH000B2F32F6000000000B /* Release */,
			);
			defaultConfigurationIsVisible = 0;
			defaultConfigurationName = Release;
		};
/* End XCConfigurationList section */

/* Begin XCLocalSwiftPackageReference section */
		120351CB2F32F35300E6610B /* XCLocalSwiftPackageReference "RNPKit" */ = {
			isa = XCLocalSwiftPackageReference;
			relativePath = ../Vendor/RNPKit;
		};
/* End XCLocalSwiftPackageReference section */

/* Begin XCSwiftPackageProductDependency section */
		120351CC2F32F35300E6610B /* RNPKit */ = {
			isa = XCSwiftPackageProductDependency;
			package = 120351CB2F32F35300E6610B /* XCLocalSwiftPackageReference "RNPKit" */;
			productName = RNPKit;
		};
		120351CD2F32F35300E6610C /* RNPKit */ = {
			isa = XCSwiftPackageProductDependency;
			package = 120351CB2F32F35300E6610B /* XCLocalSwiftPackageReference "RNPKit" */;
			productName = RNPKit;
		};
/* End XCSwiftPackageProductDependency section */
	};
	rootObject = 12B269082F32F0C10015EBFF /* Project object */;
}
